// !$*UTF8*$!
{
	archiveVersion = 1;
	classes = {
	};
	objectVersion = 50;
	objects = {

/* Begin PBXBuildFile section */
		4D4A8BB324CF7041001683AB /* AppDelegate.swift in Sources */ = {isa = PBXBuildFile; fileRef = 4D4A8BB224CF7041001683AB /* AppDelegate.swift */; };
		4D4A8BB524CF7041001683AB /* SceneDelegate.swift in Sources */ = {isa = PBXBuildFile; fileRef = 4D4A8BB424CF7041001683AB /* SceneDelegate.swift */; };
		4D4A8BB724CF7041001683AB /* ViewController.swift in Sources */ = {isa = PBXBuildFile; fileRef = 4D4A8BB624CF7041001683AB /* ViewController.swift */; };
		4D4A8BBA24CF7041001683AB /* Main.storyboard in Resources */ = {isa = PBXBuildFile; fileRef = 4D4A8BB824CF7041001683AB /* Main.storyboard */; };
		4D4A8BBD24CF7041001683AB /* To_do_list.xcdatamodeld in Sources */ = {isa = PBXBuildFile; fileRef = 4D4A8BBB24CF7041001683AB /* To_do_list.xcdatamodeld */; };
		4D4A8BBF24CF704B001683AB /* Assets.xcassets in Resources */ = {isa = PBXBuildFile; fileRef = 4D4A8BBE24CF704B001683AB /* Assets.xcassets */; };
		4D4A8BC224CF704B001683AB /* LaunchScreen.storyboard in Resources */ = {isa = PBXBuildFile; fileRef = 4D4A8BC024CF704B001683AB /* LaunchScreen.storyboard */; };
/* End PBXBuildFile section */

/* Begin PBXFileReference section */
		4D4A8BAF24CF7041001683AB /* To-do-list.app */ = {isa = PBXFileReference; explicitFileType = wrapper.application; includeInIndex = 0; path = "To-do-list.app"; sourceTree = BUILT_PRODUCTS_DIR; };
		4D4A8BB224CF7041001683AB /* AppDelegate.swift */ = {isa = PBXFileReference; lastKnownFileType = sourcecode.swift; path = AppDelegate.swift; sourceTree = "<group>"; };
		4D4A8BB424CF7041001683AB /* SceneDelegate.swift */ = {isa = PBXFileReference; lastKnownFileType = sourcecode.swift; path = SceneDelegate.swift; sourceTree = "<group>"; };
		4D4A8BB624CF7041001683AB /* ViewController.swift */ = {isa = PBXFileReference; lastKnownFileType = sourcecode.swift; path = ViewController.swift; sourceTree = "<group>"; };
		4D4A8BB924CF7041001683AB /* Base */ = {isa = PBXFileReference; lastKnownFileType = file.storyboard; name = Base; path = Base.lproj/Main.storyboard; sourceTree = "<group>"; };
		4D4A8BBC24CF7041001683AB /* To_do_list.xcdatamodel */ = {isa = PBXFileReference; lastKnownFileType = wrapper.xcdatamodel; path = To_do_list.xcdatamodel; sourceTree = "<group>"; };
		4D4A8BBE24CF704B001683AB /* Assets.xcassets */ = {isa = PBXFileReference; lastKnownFileType = folder.assetcatalog; path = Assets.xcassets; sourceTree = "<group>"; };
		4D4A8BC124CF704B001683AB /* Base */ = {isa = PBXFileReference; lastKnownFileType = file.storyboard; name = Base; path = Base.lproj/LaunchScreen.storyboard; sourceTree = "<group>"; };
		4D4A8BC324CF704B001683AB /* Info.plist */ = {isa = PBXFileReference; lastKnownFileType = text.plist.xml; path = Info.plist; sourceTree = "<group>"; };
/* End PBXFileReference section */

/* Begin PBXFrameworksBuildPhase section */
		4D4A8BAC24CF7041001683AB /* Frameworks */ = {
			isa = PBXFrameworksBuildPhase;
			buildActionMask = 2147483647;
			files = (
			);
			runOnlyForDeploymentPostprocessing = 0;
		};
/* End PBXFrameworksBuildPhase section */

/* Begin PBXGroup section */
		4D4A8BA624CF7041001683AB = {
			isa = PBXGroup;
			children = (
				4D4A8BB124CF7041001683AB /* To-do-list */,
				4D4A8BB024CF7041001683AB /* Products */,
			);
			sourceTree = "<group>";
		};
		4D4A8BB024CF7041001683AB /* Products */ = {
			isa = PBXGroup;
			children = (
				4D4A8BAF24CF7041001683AB /* To-do-list.app */,
			);
			name = Products;
			sourceTree = "<group>";
		};
		4D4A8BB124CF7041001683AB /* To-do-list */ = {
			isa = PBXGroup;
			children = (
				4D4A8BB224CF7041001683AB /* AppDelegate.swift */,
				4D4A8BB424CF7041001683AB /* SceneDelegate.swift */,
				4D4A8BB624CF7041001683AB /* ViewController.swift */,
				4D4A8BB824CF7041001683AB /* Main.storyboard */,
				4D4A8BBE24CF704B001683AB /* Assets.xcassets */,
				4D4A8BC024CF704B001683AB /* LaunchScreen.storyboard */,
				4D4A8BC324CF704B001683AB /* Info.plist */,
				4D4A8BBB24CF7041001683AB /* To_do_list.xcdatamodeld */,
			);
			path = "To-do-list";
			sourceTree = "<group>";
		};
/* End PBXGroup section */

/* Begin PBXNativeTarget section */
		4D4A8BAE24CF7041001683AB /* To-do-list */ = {
			isa = PBXNativeTarget;
			buildConfigurationList = 4D4A8BC624CF704B001683AB /* Build configuration list for PBXNativeTarget "To-do-list" */;
			buildPhases = (
				4D4A8BAB24CF7041001683AB /* Sources */,
				4D4A8BAC24CF7041001683AB /* Frameworks */,
				4D4A8BAD24CF7041001683AB /* Resources */,
			);
			buildRules = (
			);
			dependencies = (
			);
			name = "To-do-list";
			productName = "To-do-list";
			productReference = 4D4A8BAF24CF7041001683AB /* To-do-list.app */;
			productType = "com.apple.product-type.application";
		};
/* End PBXNativeTarget section */

/* Begin PBXProject section */
		4D4A8BA724CF7041001683AB /* Project object */ = {
			isa = PBXProject;
			attributes = {
				LastSwiftUpdateCheck = 1160;
				LastUpgradeCheck = 1160;
				ORGANIZATIONNAME = "Mikaela Foronda Zanipatin";
				TargetAttributes = {
					4D4A8BAE24CF7041001683AB = {
						CreatedOnToolsVersion = 11.6;
					};
				};
			};
			buildConfigurationList = 4D4A8BAA24CF7041001683AB /* Build configuration list for PBXProject "To-do-list" */;
			compatibilityVersion = "Xcode 9.3";
			developmentRegion = en;
			hasScannedForEncodings = 0;
			knownRegions = (
				en,
				Base,
			);
			mainGroup = 4D4A8BA624CF7041001683AB;
			productRefGroup = 4D4A8BB024CF7041001683AB /* Products */;
			projectDirPath = "";
			projectRoot = "";
			targets = (
				4D4A8BAE24CF7041001683AB /* To-do-list */,
			);
		};
/* End PBXProject section */

/* Begin PBXResourcesBuildPhase section */
		4D4A8BAD24CF7041001683AB /* Resources */ = {
			isa = PBXResourcesBuildPhase;
			buildActionMask = 2147483647;
			files = (
				4D4A8BC224CF704B001683AB /* LaunchScreen.storyboard in Resources */,
				4D4A8BBF24CF704B001683AB /* Assets.xcassets in Resources */,
				4D4A8BBA24CF7041001683AB /* Main.storyboard in Resources */,
			);
			runOnlyForDeploymentPostprocessing = 0;
		};
/* End PBXResourcesBuildPhase section */

/* Begin PBXSourcesBuildPhase section */
		4D4A8BAB24CF7041001683AB /* Sources */ = {
			isa = PBXSourcesBuildPhase;
			buildActionMask = 2147483647;
			files = (
				4D4A8BB724CF7041001683AB /* ViewController.swift in Sources */,
				4D4A8BB324CF7041001683AB /* AppDelegate.swift in Sources */,
				4D4A8BB524CF7041001683AB /* SceneDelegate.swift in Sources */,
				4D4A8BBD24CF7041001683AB /* To_do_list.xcdatamodeld in Sources */,
			);
			runOnlyForDeploymentPostprocessing = 0;
		};
/* End PBXSourcesBuildPhase section */

/* Begin PBXVariantGroup section */
		4D4A8BB824CF7041001683AB /* Main.storyboard */ = {
			isa = PBXVariantGroup;
			children = (
				4D4A8BB924CF7041001683AB /* Base */,
			);
			name = Main.storyboard;
			sourceTree = "<group>";
		};
		4D4A8BC024CF704B001683AB /* LaunchScreen.storyboard */ = {
			isa = PBXVariantGroup;
			children = (
				4D4A8BC124CF704B001683AB /* Base */,
			);
			name = LaunchScreen.storyboard;
			sourceTree = "<group>";
		};
/* End PBXVariantGroup section */

/* Begin XCBuildConfiguration section */
		4D4A8BC424CF704B001683AB /* Debug */ = {
			isa = XCBuildConfiguration;
			buildSettings = {
				ALWAYS_SEARCH_USER_PATHS = NO;
				CLANG_ANALYZER_NONNULL = YES;
				CLANG_ANALYZER_NUMBER_OBJECT_CONVERSION = YES_AGGRESSIVE;
				CLANG_CXX_LANGUAGE_STANDARD = "gnu++14";
				CLANG_CXX_LIBRARY = "libc++";
				CLANG_ENABLE_MODULES = YES;
				CLANG_ENABLE_OBJC_ARC = YES;
				CLANG_ENABLE_OBJC_WEAK = YES;
				CLANG_WARN_BLOCK_CAPTURE_AUTORELEASING = YES;
				CLANG_WARN_BOOL_CONVERSION = YES;
				CLANG_WARN_COMMA = YES;
				CLANG_WARN_CONSTANT_CONVERSION = YES;
				CLANG_WARN_DEPRECATED_OBJC_IMPLEMENTATIONS = YES;
				CLANG_WARN_DIRECT_OBJC_ISA_USAGE = YES_ERROR;
				CLANG_WARN_DOCUMENTATION_COMMENTS = YES;
				CLANG_WARN_EMPTY_BODY = YES;
				CLANG_WARN_ENUM_CONVERSION = YES;
				CLANG_WARN_INFINITE_RECURSION = YES;
				CLANG_WARN_INT_CONVERSION = YES;
				CLANG_WARN_NON_LITERAL_NULL_CONVERSION = YES;
				CLANG_WARN_OBJC_IMPLICIT_RETAIN_SELF = YES;
				CLANG_WARN_OBJC_LITERAL_CONVERSION = YES;
				CLANG_WARN_OBJC_ROOT_CLASS = YES_ERROR;
				CLANG_WARN_RANGE_LOOP_ANALYSIS = YES;
				CLANG_WARN_STRICT_PROTOTYPES = YES;
				CLANG_WARN_SUSPICIOUS_MOVE = YES;
				CLANG_WARN_UNGUARDED_AVAILABILITY = YES_AGGRESSIVE;
				CLANG_WARN_UNREACHABLE_CODE = YES;
				CLANG_WARN__DUPLICATE_METHOD_MATCH = YES;
				COPY_PHASE_STRIP = NO;
				DEBUG_INFORMATION_FORMAT = dwarf;
				ENABLE_STRICT_OBJC_MSGSEND = YES;
				ENABLE_TESTABILITY = YES;
				GCC_C_LANGUAGE_STANDARD = gnu11;
				GCC_DYNAMIC_NO_PIC = NO;
				GCC_NO_COMMON_BLOCKS = YES;
				GCC_OPTIMIZATION_LEVEL = 0;
				GCC_PREPROCESSOR_DEFINITIONS = (
					"DEBUG=1",
					"$(inherited)",
				);
				GCC_WARN_64_TO_32_BIT_CONVERSION = YES;
				GCC_WARN_ABOUT_RETURN_TYPE = YES_ERROR;
				GCC_WARN_UNDECLARED_SELECTOR = YES;
				GCC_WARN_UNINITIALIZED_AUTOS = YES_AGGRESSIVE;
				GCC_WARN_UNUSED_FUNCTION = YES;
				GCC_WARN_UNUSED_VARIABLE = YES;
				IPHONEOS_DEPLOYMENT_TARGET = 13.6;
				MTL_ENABLE_DEBUG_INFO = INCLUDE_SOURCE;
				MTL_FAST_MATH = YES;
				ONLY_ACTIVE_ARCH = YES;
				SDKROOT = iphoneos;
				SWIFT_ACTIVE_COMPILATION_CONDITIONS = DEBUG;
				SWIFT_OPTIMIZATION_LEVEL = "-Onone";
			};
			name = Debug;
		};
		4D4A8BC524CF704B001683AB /* Release */ = {
			isa = XCBuildConfiguration;
			buildSettings = {
				ALWAYS_SEARCH_USER_PATHS = NO;
				CLANG_ANALYZER_NONNULL = YES;
				CLANG_ANALYZER_NUMBER_OBJECT_CONVERSION = YES_AGGRESSIVE;
				CLANG_CXX_LANGUAGE_STANDARD = "gnu++14";
				CLANG_CXX_LIBRARY = "libc++";
				CLANG_ENABLE_MODULES = YES;
				CLANG_ENABLE_OBJC_ARC = YES;
				CLANG_ENABLE_OBJC_WEAK = YES;
				CLANG_WARN_BLOCK_CAPTURE_AUTORELEASING = YES;
				CLANG_WARN_BOOL_CONVERSION = YES;
				CLANG_WARN_COMMA = YES;
				CLANG_WARN_CONSTANT_CONVERSION = YES;
				CLANG_WARN_DEPRECATED_OBJC_IMPLEMENTATIONS = YES;
				CLANG_WARN_DIRECT_OBJC_ISA_USAGE = YES_ERROR;
				CLANG_WARN_DOCUMENTATION_COMMENTS = YES;
				CLANG_WARN_EMPTY_BODY = YES;
				CLANG_WARN_ENUM_CONVERSION = YES;
				CLANG_WARN_INFINITE_RECURSION = YES;
				CLANG_WARN_INT_CONVERSION = YES;
				CLANG_WARN_NON_LITERAL_NULL_CONVERSION = YES;
				CLANG_WARN_OBJC_IMPLICIT_RETAIN_SELF = YES;
				CLANG_WARN_OBJC_LITERAL_CONVERSION = YES;
				CLANG_WARN_OBJC_ROOT_CLASS = YES_ERROR;
				CLANG_WARN_RANGE_LOOP_ANALYSIS = YES;
				CLANG_WARN_STRICT_PROTOTYPES = YES;
				CLANG_WARN_SUSPICIOUS_MOVE = YES;
				CLANG_WARN_UNGUARDED_AVAILABILITY = YES_AGGRESSIVE;
				CLANG_WARN_UNREACHABLE_CODE = YES;
				CLANG_WARN__DUPLICATE_METHOD_MATCH = YES;
				COPY_PHASE_STRIP = NO;
				DEBUG_INFORMATION_FORMAT = "dwarf-with-dsym";
				ENABLE_NS_ASSERTIONS = NO;
				ENABLE_STRICT_OBJC_MSGSEND = YES;
				GCC_C_LANGUAGE_STANDARD = gnu11;
				GCC_NO_COMMON_BLOCKS = YES;
				GCC_WARN_64_TO_32_BIT_CONVERSION = YES;
				GCC_WARN_ABOUT_RETURN_TYPE = YES_ERROR;
				GCC_WARN_UNDECLARED_SELECTOR = YES;
				GCC_WARN_UNINITIALIZED_AUTOS = YES_AGGRESSIVE;
				GCC_WARN_UNUSED_FUNCTION = YES;
				GCC_WARN_UNUSED_VARIABLE = YES;
				IPHONEOS_DEPLOYMENT_TARGET = 13.6;
				MTL_ENABLE_DEBUG_INFO = NO;
				MTL_FAST_MATH = YES;
				SDKROOT = iphoneos;
				SWIFT_COMPILATION_MODE = wholemodule;
				SWIFT_OPTIMIZATION_LEVEL = "-O";
				VALIDATE_PRODUCT = YES;
			};
			name = Release;
		};
		4D4A8BC724CF704B001683AB /* Debug */ = {
			isa = XCBuildConfiguration;
			buildSettings = {
				ASSETCATALOG_COMPILER_APPICON_NAME = AppIcon;
				CODE_SIGN_STYLE = Automatic;
				DEVELOPMENT_TEAM = "";
				INFOPLIST_FILE = "To-do-list/Info.plist";
				LD_RUNPATH_SEARCH_PATHS = (
					"$(inherited)",
					"@executable_path/Frameworks",
				);
				PRODUCT_BUNDLE_IDENTIFIER = "KWK.To-do-list";
				PRODUCT_NAME = "$(TARGET_NAME)";
				SWIFT_VERSION = 5.0;
				TARGETED_DEVICE_FAMILY = "1,2";
			};
			name = Debug;
		};
		4D4A8BC824CF704B001683AB /* Release */ = {
			isa = XCBuildConfiguration;
			buildSettings = {
				ASSETCATALOG_COMPILER_APPICON_NAME = AppIcon;
				CODE_SIGN_STYLE = Automatic;
				DEVELOPMENT_TEAM = "";
				INFOPLIST_FILE = "To-do-list/Info.plist";
				LD_RUNPATH_SEARCH_PATHS = (
					"$(inherited)",
					"@executable_path/Frameworks",
				);
				PRODUCT_BUNDLE_IDENTIFIER = "KWK.To-do-list";
				PRODUCT_NAME = "$(TARGET_NAME)";
				SWIFT_VERSION = 5.0;
				TARGETED_DEVICE_FAMILY = "1,2";
			};
			name = Release;
		};
/* End XCBuildConfiguration section */

/* Begin XCConfigurationList section */
		4D4A8BAA24CF7041001683AB /* Build configuration list for PBXProject "To-do-list" */ = {
			isa = XCConfigurationList;
			buildConfigurations = (
				4D4A8BC424CF704B001683AB /* Debug */,
				4D4A8BC524CF704B001683AB /* Release */,
			);
			defaultConfigurationIsVisible = 0;
			defaultConfigurationName = Release;
		};
		4D4A8BC624CF704B001683AB /* Build configuration list for PBXNativeTarget "To-do-list" */ = {
			isa = XCConfigurationList;
			buildConfigurations = (
				4D4A8BC724CF704B001683AB /* Debug */,
				4D4A8BC824CF704B001683AB /* Release */,
			);
			defaultConfigurationIsVisible = 0;
			defaultConfigurationName = Release;
		};
/* End XCConfigurationList section */

/* Begin XCVersionGroup section */
		4D4A8BBB24CF7041001683AB /* To_do_list.xcdatamodeld */ = {
			isa = XCVersionGroup;
			children = (
				4D4A8BBC24CF7041001683AB /* To_do_list.xcdatamodel */,
			);
			currentVersion = 4D4A8BBC24CF7041001683AB /* To_do_list.xcdatamodel */;
			path = To_do_list.xcdatamodeld;
			sourceTree = "<group>";
			versionGroupType = wrapper.xcdatamodel;
		};
/* End XCVersionGroup section */
	};
	rootObject = 4D4A8BA724CF7041001683AB /* Project object */;
}
